
Microsoft Visual Studio Solution File, Format Version 12.00
# Visual Studio 15
VisualStudioVersion = 15.0.28307.572
MinimumVisualStudioVersion = 10.0.40219.1
Project("{FAE04EC0-301F-11D3-BF4B-00C04F79EFBC}") = "MarsRoverProblem", "MarsRoverProblem\MarsRoverProblem.csproj", "{FC82292A-F39D-444C-BA63-04D01E42C2A4}"
EndProject
Global
	GlobalSection(SolutionConfigurationPlatforms) = preSolution
		Debug|Any CPU = Debug|Any CPU
		Release|Any CPU = Release|Any CPU
	EndGlobalSection
	GlobalSection(ProjectConfigurationPlatforms) = postSolution
		{FC82292A-F39D-444C-BA63-04D01E42C2A4}.Debug|Any CPU.ActiveCfg = Debug|Any CPU
		{FC82292A-F39D-444C-BA63-04D01E42C2A4}.Debug|Any CPU.Build.0 = Debug|Any CPU
		{FC82292A-F39D-444C-BA63-04D01E42C2A4}.Release|Any CPU.ActiveCfg = Release|Any CPU
		{FC82292A-F39D-444C-BA63-04D01E42C2A4}.Release|Any CPU.Build.0 = Release|Any CPU
	EndGlobalSection
	GlobalSection(SolutionProperties) = preSolution
		HideSolutionNode = FALSE
	EndGlobalSection
	GlobalSection(ExtensibilityGlobals) = postSolution
		SolutionGuid = {46E005C2-C0DC-480E-9CE6-95F488EED0C9}
	EndGlobalSection
EndGlobal
